
Microsoft Visual Studio Solution File, Format Version 12.00
# Visual Studio Version 17
VisualStudioVersion = 17.12.35707.178
MinimumVisualStudioVersion = 10.0.40219.1
Project("{FAE04EC0-301F-11D3-BF4B-00C04F79EFBC}") = "DESAFIO-MOVISIS", "DESAFIO-MOVISIS.csproj", "{14FBAC2D-D5D8-4C94-8165-2A28FDCABDB3}"
EndProject
Project("{2150E333-8FDC-42A3-9474-1A3956D46DE8}") = "src", "src", "{F2D3CE79-7369-404A-B742-2EB4862FD3E3}"
EndProject
Project("{2150E333-8FDC-42A3-9474-1A3956D46DE8}") = "Api", "Api", "{6B1BA632-A7AB-48B3-B201-17B446C36672}"
EndProject
Project("{2150E333-8FDC-42A3-9474-1A3956D46DE8}") = "App", "App", "{2C06396E-B6AB-4DB8-AD3B-01A148240415}"
EndProject
Project("{2150E333-8FDC-42A3-9474-1A3956D46DE8}") = "Dados", "Dados", "{845636BE-7445-4F81-B20F-87052D03016C}"
EndProject
Project("{2150E333-8FDC-42A3-9474-1A3956D46DE8}") = "Negocio", "Negocio", "{712F8E66-50A9-4B66-A3CE-C90C810A0A0F}"
EndProject
Project("{FAE04EC0-301F-11D3-BF4B-00C04F79EFBC}") = "Api-Lembrete", "..\Api-Lembrete\Api-Lembrete.csproj", "{A6374D77-D8E5-4588-B867-63F3306DF037}"
EndProject
Project("{2150E333-8FDC-42A3-9474-1A3956D46DE8}") = "Aplicacao", "Aplicacao", "{AC17FF51-5F32-4726-85CB-9DBAA7E5DF3A}"
EndProject
Project("{2150E333-8FDC-42A3-9474-1A3956D46DE8}") = "Dados", "Dados", "{B2E199FC-7B52-4F2F-80EE-7A004ADB21ED}"
EndProject
Project("{2150E333-8FDC-42A3-9474-1A3956D46DE8}") = "Negocio", "Negocio", "{F4D26C21-3184-479E-B67B-D8CC177627EA}"
EndProject
Project("{FAE04EC0-301F-11D3-BF4B-00C04F79EFBC}") = "Dados-Api", "..\Data-Api\Dados-Api.csproj", "{B2542A4C-0E73-44CD-9CE7-E2E4C31DB5AA}"
EndProject
Project("{FAE04EC0-301F-11D3-BF4B-00C04F79EFBC}") = "Negocio-Api", "..\Negocio-Api\Negocio-Api.csproj", "{0CDFBD61-DB22-4A6D-8893-76FADAE8687A}"
EndProject
Project("{FAE04EC0-301F-11D3-BF4B-00C04F79EFBC}") = "Dados-App", "..\Dados-App\Dados-App.csproj", "{DE88EA84-3A08-47E2-B0BB-A5797A217A72}"
EndProject
Global
	GlobalSection(SolutionConfigurationPlatforms) = preSolution
		Debug|Any CPU = Debug|Any CPU
		Release|Any CPU = Release|Any CPU
	EndGlobalSection
	GlobalSection(ProjectConfigurationPlatforms) = postSolution
		{14FBAC2D-D5D8-4C94-8165-2A28FDCABDB3}.Debug|Any CPU.ActiveCfg = Debug|Any CPU
		{14FBAC2D-D5D8-4C94-8165-2A28FDCABDB3}.Debug|Any CPU.Build.0 = Debug|Any CPU
		{14FBAC2D-D5D8-4C94-8165-2A28FDCABDB3}.Debug|Any CPU.Deploy.0 = Debug|Any CPU
		{14FBAC2D-D5D8-4C94-8165-2A28FDCABDB3}.Release|Any CPU.ActiveCfg = Release|Any CPU
		{14FBAC2D-D5D8-4C94-8165-2A28FDCABDB3}.Release|Any CPU.Build.0 = Release|Any CPU
		{14FBAC2D-D5D8-4C94-8165-2A28FDCABDB3}.Release|Any CPU.Deploy.0 = Release|Any CPU
		{A6374D77-D8E5-4588-B867-63F3306DF037}.Debug|Any CPU.ActiveCfg = Debug|Any CPU
		{A6374D77-D8E5-4588-B867-63F3306DF037}.Debug|Any CPU.Build.0 = Debug|Any CPU
		{A6374D77-D8E5-4588-B867-63F3306DF037}.Release|Any CPU.ActiveCfg = Release|Any CPU
		{A6374D77-D8E5-4588-B867-63F3306DF037}.Release|Any CPU.Build.0 = Release|Any CPU
		{B2542A4C-0E73-44CD-9CE7-E2E4C31DB5AA}.Debug|Any CPU.ActiveCfg = Debug|Any CPU
		{B2542A4C-0E73-44CD-9CE7-E2E4C31DB5AA}.Debug|Any CPU.Build.0 = Debug|Any CPU
		{B2542A4C-0E73-44CD-9CE7-E2E4C31DB5AA}.Release|Any CPU.ActiveCfg = Release|Any CPU
		{B2542A4C-0E73-44CD-9CE7-E2E4C31DB5AA}.Release|Any CPU.Build.0 = Release|Any CPU
		{0CDFBD61-DB22-4A6D-8893-76FADAE8687A}.Debug|Any CPU.ActiveCfg = Debug|Any CPU
		{0CDFBD61-DB22-4A6D-8893-76FADAE8687A}.Debug|Any CPU.Build.0 = Debug|Any CPU
		{0CDFBD61-DB22-4A6D-8893-76FADAE8687A}.Release|Any CPU.ActiveCfg = Release|Any CPU
		{0CDFBD61-DB22-4A6D-8893-76FADAE8687A}.Release|Any CPU.Build.0 = Release|Any CPU
		{DE88EA84-3A08-47E2-B0BB-A5797A217A72}.Debug|Any CPU.ActiveCfg = Debug|Any CPU
		{DE88EA84-3A08-47E2-B0BB-A5797A217A72}.Debug|Any CPU.Build.0 = Debug|Any CPU
		{DE88EA84-3A08-47E2-B0BB-A5797A217A72}.Release|Any CPU.ActiveCfg = Release|Any CPU
		{DE88EA84-3A08-47E2-B0BB-A5797A217A72}.Release|Any CPU.Build.0 = Release|Any CPU
	EndGlobalSection
	GlobalSection(SolutionProperties) = preSolution
		HideSolutionNode = FALSE
	EndGlobalSection
	GlobalSection(NestedProjects) = preSolution
		{14FBAC2D-D5D8-4C94-8165-2A28FDCABDB3} = {2C06396E-B6AB-4DB8-AD3B-01A148240415}
		{6B1BA632-A7AB-48B3-B201-17B446C36672} = {F2D3CE79-7369-404A-B742-2EB4862FD3E3}
		{2C06396E-B6AB-4DB8-AD3B-01A148240415} = {F2D3CE79-7369-404A-B742-2EB4862FD3E3}
		{845636BE-7445-4F81-B20F-87052D03016C} = {F2D3CE79-7369-404A-B742-2EB4862FD3E3}
		{712F8E66-50A9-4B66-A3CE-C90C810A0A0F} = {F2D3CE79-7369-404A-B742-2EB4862FD3E3}
		{A6374D77-D8E5-4588-B867-63F3306DF037} = {AC17FF51-5F32-4726-85CB-9DBAA7E5DF3A}
		{AC17FF51-5F32-4726-85CB-9DBAA7E5DF3A} = {6B1BA632-A7AB-48B3-B201-17B446C36672}
		{B2E199FC-7B52-4F2F-80EE-7A004ADB21ED} = {6B1BA632-A7AB-48B3-B201-17B446C36672}
		{F4D26C21-3184-479E-B67B-D8CC177627EA} = {6B1BA632-A7AB-48B3-B201-17B446C36672}
		{B2542A4C-0E73-44CD-9CE7-E2E4C31DB5AA} = {B2E199FC-7B52-4F2F-80EE-7A004ADB21ED}
		{0CDFBD61-DB22-4A6D-8893-76FADAE8687A} = {F4D26C21-3184-479E-B67B-D8CC177627EA}
		{DE88EA84-3A08-47E2-B0BB-A5797A217A72} = {845636BE-7445-4F81-B20F-87052D03016C}
	EndGlobalSection
EndGlobal
